Microsoft Visual Studio Solution File, Format Version 12.00
# Visual Studio Version 17
VisualStudioVersion = 17.5.2.0
MinimumVisualStudioVersion = 10.0.40219.1
Project("{FAE04EC0-301F-11D3-BF4B-00C04F79EFBC}") = "PIV_PROYECTO_Final", "PIV_PROYECTO_Final\PIV_PROYECTO_Final.csproj", "{AD30D4FB-AEB7-097B-F1B3-D8A1F2DF33D9}"
EndProject
Global
	GlobalSection(SolutionConfigurationPlatforms) = preSolution
		Debug|Any CPU = Debug|Any CPU
		Release|Any CPU = Release|Any CPU
	EndGlobalSection
	GlobalSection(ProjectConfigurationPlatforms) = postSolution
		{AD30D4FB-AEB7-097B-F1B3-D8A1F2DF33D9}.Debug|Any CPU.ActiveCfg = Debug|Any CPU
		{AD30D4FB-AEB7-097B-F1B3-D8A1F2DF33D9}.Debug|Any CPU.Build.0 = Debug|Any CPU
		{AD30D4FB-AEB7-097B-F1B3-D8A1F2DF33D9}.Release|Any CPU.ActiveCfg = Release|Any CPU
		{AD30D4FB-AEB7-097B-F1B3-D8A1F2DF33D9}.Release|Any CPU.Build.0 = Release|Any CPU
	EndGlobalSection
	GlobalSection(SolutionProperties) = preSolution
		HideSolutionNode = FALSE
	EndGlobalSection
	GlobalSection(ExtensibilityGlobals) = postSolution
		SolutionGuid = {C8CF4A19-0579-4FFA-BE3D-7A5E62DBEA3A}
	EndGlobalSection
EndGlobal
